
Microsoft Visual Studio Solution File, Format Version 12.00
# Visual Studio 15
Project("{FAE04EC0-301F-11D3-BF4B-00C04F79EFBC}") = "Assembly-CSharp", "Assembly-CSharp.csproj", "{616EA0A9-12FE-1C68-5948-FCAABF97ADAC}"
EndProject
Project("{FAE04EC0-301F-11D3-BF4B-00C04F79EFBC}") = "Assembly-CSharp-Editor", "Assembly-CSharp-Editor.csproj", "{9E0C65F3-B5FE-E937-D7D6-B423E927D92E}"
EndProject
Global
	GlobalSection(SolutionConfigurationPlatforms) = preSolution
		Debug|Any CPU = Debug|Any CPU
		Release|Any CPU = Release|Any CPU
	EndGlobalSection
	GlobalSection(ProjectConfigurationPlatforms) = postSolution
		{616EA0A9-12FE-1C68-5948-FCAABF97ADAC}.Debug|Any CPU.ActiveCfg = Debug|Any CPU
		{616EA0A9-12FE-1C68-5948-FCAABF97ADAC}.Debug|Any CPU.Build.0 = Debug|Any CPU
		{616EA0A9-12FE-1C68-5948-FCAABF97ADAC}.Release|Any CPU.ActiveCfg = Release|Any CPU
		{616EA0A9-12FE-1C68-5948-FCAABF97ADAC}.Release|Any CPU.Build.0 = Release|Any CPU
		{9E0C65F3-B5FE-E937-D7D6-B423E927D92E}.Debug|Any CPU.ActiveCfg = Debug|Any CPU
		{9E0C65F3-B5FE-E937-D7D6-B423E927D92E}.Debug|Any CPU.Build.0 = Debug|Any CPU
		{9E0C65F3-B5FE-E937-D7D6-B423E927D92E}.Release|Any CPU.ActiveCfg = Release|Any CPU
		{9E0C65F3-B5FE-E937-D7D6-B423E927D92E}.Release|Any CPU.Build.0 = Release|Any CPU
	EndGlobalSection
	GlobalSection(SolutionProperties) = preSolution
		HideSolutionNode = FALSE
	EndGlobalSection
EndGlobal
